
Microsoft Visual Studio Solution File, Format Version 12.00
# Visual Studio Version 16
VisualStudioVersion = 16.0.29905.134
MinimumVisualStudioVersion = 10.0.40219.1
Project("{9A19103F-16F7-4668-BE54-9A1E7A4F7556}") = "Homework_06", "Homework_06\Homework_06.csproj", "{B42A55CC-3690-4543-8B0E-BF747B443130}"
EndProject
Project("{9A19103F-16F7-4668-BE54-9A1E7A4F7556}") = "Homework_06_Part2", "Homework_06_Part2\Homework_06_Part2.csproj", "{A0649CA1-1CA0-4945-8F25-4ACB3A2593F4}"
EndProject
Global
	GlobalSection(SolutionConfigurationPlatforms) = preSolution
		Debug|Any CPU = Debug|Any CPU
		Release|Any CPU = Release|Any CPU
	EndGlobalSection
	GlobalSection(ProjectConfigurationPlatforms) = postSolution
		{B42A55CC-3690-4543-8B0E-BF747B443130}.Debug|Any CPU.ActiveCfg = Debug|Any CPU
		{B42A55CC-3690-4543-8B0E-BF747B443130}.Debug|Any CPU.Build.0 = Debug|Any CPU
		{B42A55CC-3690-4543-8B0E-BF747B443130}.Release|Any CPU.ActiveCfg = Release|Any CPU
		{B42A55CC-3690-4543-8B0E-BF747B443130}.Release|Any CPU.Build.0 = Release|Any CPU
		{A0649CA1-1CA0-4945-8F25-4ACB3A2593F4}.Debug|Any CPU.ActiveCfg = Debug|Any CPU
		{A0649CA1-1CA0-4945-8F25-4ACB3A2593F4}.Debug|Any CPU.Build.0 = Debug|Any CPU
		{A0649CA1-1CA0-4945-8F25-4ACB3A2593F4}.Release|Any CPU.ActiveCfg = Release|Any CPU
		{A0649CA1-1CA0-4945-8F25-4ACB3A2593F4}.Release|Any CPU.Build.0 = Release|Any CPU
	EndGlobalSection
	GlobalSection(SolutionProperties) = preSolution
		HideSolutionNode = FALSE
	EndGlobalSection
	GlobalSection(ExtensibilityGlobals) = postSolution
		SolutionGuid = {D245003F-2CFB-4F9C-92E7-5808729FB98B}
	EndGlobalSection
EndGlobal
